
Microsoft Visual Studio Solution File, Format Version 12.00
# Visual Studio 15
VisualStudioVersion = 15.0.28307.645
MinimumVisualStudioVersion = 10.0.40219.1
Project("{FAE04EC0-301F-11D3-BF4B-00C04F79EFBC}") = "ConsoleApp10", "ConsoleApp10\ConsoleApp10.csproj", "{D2C5E82A-FCA6-48CE-8886-95A9D30BEF4D}"
EndProject
Global
	GlobalSection(SolutionConfigurationPlatforms) = preSolution
		Debug|Any CPU = Debug|Any CPU
		Release|Any CPU = Release|Any CPU
	EndGlobalSection
	GlobalSection(ProjectConfigurationPlatforms) = postSolution
		{D2C5E82A-FCA6-48CE-8886-95A9D30BEF4D}.Debug|Any CPU.ActiveCfg = Debug|Any CPU
		{D2C5E82A-FCA6-48CE-8886-95A9D30BEF4D}.Debug|Any CPU.Build.0 = Debug|Any CPU
		{D2C5E82A-FCA6-48CE-8886-95A9D30BEF4D}.Release|Any CPU.ActiveCfg = Release|Any CPU
		{D2C5E82A-FCA6-48CE-8886-95A9D30BEF4D}.Release|Any CPU.Build.0 = Release|Any CPU
	EndGlobalSection
	GlobalSection(SolutionProperties) = preSolution
		HideSolutionNode = FALSE
	EndGlobalSection
	GlobalSection(ExtensibilityGlobals) = postSolution
		SolutionGuid = {47BC0E88-F4C0-40A3-BDCA-DD9AE10B1942}
	EndGlobalSection
EndGlobal
