
Microsoft Visual Studio Solution File, Format Version 12.00
# Visual Studio Version 16
VisualStudioVersion = 16.0.28922.388
MinimumVisualStudioVersion = 10.0.40219.1
Project("{9A19103F-16F7-4668-BE54-9A1E7A4F7556}") = "ConsoleApp00", "ConsoleApp4\ConsoleApp00.csproj", "{19645927-2F68-4F49-8596-CE3EB3F307E7}"
EndProject
Global
	GlobalSection(SolutionConfigurationPlatforms) = preSolution
		Debug|Any CPU = Debug|Any CPU
		Release|Any CPU = Release|Any CPU
	EndGlobalSection
	GlobalSection(ProjectConfigurationPlatforms) = postSolution
		{19645927-2F68-4F49-8596-CE3EB3F307E7}.Debug|Any CPU.ActiveCfg = Debug|Any CPU
		{19645927-2F68-4F49-8596-CE3EB3F307E7}.Debug|Any CPU.Build.0 = Debug|Any CPU
		{19645927-2F68-4F49-8596-CE3EB3F307E7}.Release|Any CPU.ActiveCfg = Release|Any CPU
		{19645927-2F68-4F49-8596-CE3EB3F307E7}.Release|Any CPU.Build.0 = Release|Any CPU
	EndGlobalSection
	GlobalSection(SolutionProperties) = preSolution
		HideSolutionNode = FALSE
	EndGlobalSection
	GlobalSection(ExtensibilityGlobals) = postSolution
		SolutionGuid = {8C01CAAA-935C-4AD0-97B0-D15725B80006}
	EndGlobalSection
EndGlobal
